
Microsoft Visual Studio Solution File, Format Version 12.00
# Visual Studio 15
VisualStudioVersion = 15.0.28307.852
MinimumVisualStudioVersion = 10.0.40219.1
Project("{FAE04EC0-301F-11D3-BF4B-00C04F79EFBC}") = "SneakerSeeker3", "SneakerSeeker3\SneakerSeeker3.csproj", "{668359E1-DA71-4552-BFF2-82B0107C22AE}"
EndProject
Global
	GlobalSection(SolutionConfigurationPlatforms) = preSolution
		Debug|Any CPU = Debug|Any CPU
		Release|Any CPU = Release|Any CPU
	EndGlobalSection
	GlobalSection(ProjectConfigurationPlatforms) = postSolution
		{668359E1-DA71-4552-BFF2-82B0107C22AE}.Debug|Any CPU.ActiveCfg = Debug|Any CPU
		{668359E1-DA71-4552-BFF2-82B0107C22AE}.Debug|Any CPU.Build.0 = Debug|Any CPU
		{668359E1-DA71-4552-BFF2-82B0107C22AE}.Release|Any CPU.ActiveCfg = Release|Any CPU
		{668359E1-DA71-4552-BFF2-82B0107C22AE}.Release|Any CPU.Build.0 = Release|Any CPU
	EndGlobalSection
	GlobalSection(SolutionProperties) = preSolution
		HideSolutionNode = FALSE
	EndGlobalSection
	GlobalSection(ExtensibilityGlobals) = postSolution
		SolutionGuid = {3E1C5535-3CBD-4215-8FE6-764BC9BC2F00}
	EndGlobalSection
EndGlobal
